
Microsoft Visual Studio Solution File, Format Version 12.00
# Visual Studio Version 16
VisualStudioVersion = 16.0.30114.105
MinimumVisualStudioVersion = 10.0.40219.1
Project("{F2A71F9B-5D33-465A-A702-920D77279786}") = "PulumiSchema", "PulumiSchema\PulumiSchema.fsproj", "{EA9E191C-92D3-48E5-957C-3574A1B50FB5}"
EndProject
Project("{F2A71F9B-5D33-465A-A702-920D77279786}") = "Tests", "Tests\Tests.fsproj", "{4ACB1272-D7DA-49D0-8DBD-DF9A3999DC30}"
EndProject
Project("{F2A71F9B-5D33-465A-A702-920D77279786}") = "PulumiConfigurationLanguage", "PulumiConfigurationLanguage\PulumiConfigurationLanguage.fsproj", "{18963337-7451-431E-8FF0-CC26E7546B44}"
EndProject
Project("{F2A71F9B-5D33-465A-A702-920D77279786}") = "PulumiProgramConvert", "PulumiProgramConvert\PulumiProgramConvert.fsproj", "{26FA2B93-17C1-4228-BA78-BDF4F7418F1C}"
EndProject
Project("{F2A71F9B-5D33-465A-A702-920D77279786}") = "PulumiSchemaTypes", "PulumiSchemaTypes\PulumiSchemaTypes.fsproj", "{2CAC9F19-0018-418D-BA73-D41AB74632A0}"
EndProject
Global
	GlobalSection(SolutionConfigurationPlatforms) = preSolution
		Debug|Any CPU = Debug|Any CPU
		Release|Any CPU = Release|Any CPU
	EndGlobalSection
	GlobalSection(SolutionProperties) = preSolution
		HideSolutionNode = FALSE
	EndGlobalSection
	GlobalSection(ProjectConfigurationPlatforms) = postSolution
		{EA9E191C-92D3-48E5-957C-3574A1B50FB5}.Debug|Any CPU.ActiveCfg = Debug|Any CPU
		{EA9E191C-92D3-48E5-957C-3574A1B50FB5}.Debug|Any CPU.Build.0 = Debug|Any CPU
		{EA9E191C-92D3-48E5-957C-3574A1B50FB5}.Release|Any CPU.ActiveCfg = Release|Any CPU
		{EA9E191C-92D3-48E5-957C-3574A1B50FB5}.Release|Any CPU.Build.0 = Release|Any CPU
		{4ACB1272-D7DA-49D0-8DBD-DF9A3999DC30}.Debug|Any CPU.ActiveCfg = Debug|Any CPU
		{4ACB1272-D7DA-49D0-8DBD-DF9A3999DC30}.Debug|Any CPU.Build.0 = Debug|Any CPU
		{4ACB1272-D7DA-49D0-8DBD-DF9A3999DC30}.Release|Any CPU.ActiveCfg = Release|Any CPU
		{4ACB1272-D7DA-49D0-8DBD-DF9A3999DC30}.Release|Any CPU.Build.0 = Release|Any CPU
		{18963337-7451-431E-8FF0-CC26E7546B44}.Debug|Any CPU.ActiveCfg = Debug|Any CPU
		{18963337-7451-431E-8FF0-CC26E7546B44}.Debug|Any CPU.Build.0 = Debug|Any CPU
		{18963337-7451-431E-8FF0-CC26E7546B44}.Release|Any CPU.ActiveCfg = Release|Any CPU
		{18963337-7451-431E-8FF0-CC26E7546B44}.Release|Any CPU.Build.0 = Release|Any CPU
		{26FA2B93-17C1-4228-BA78-BDF4F7418F1C}.Debug|Any CPU.ActiveCfg = Debug|Any CPU
		{26FA2B93-17C1-4228-BA78-BDF4F7418F1C}.Debug|Any CPU.Build.0 = Debug|Any CPU
		{26FA2B93-17C1-4228-BA78-BDF4F7418F1C}.Release|Any CPU.ActiveCfg = Release|Any CPU
		{26FA2B93-17C1-4228-BA78-BDF4F7418F1C}.Release|Any CPU.Build.0 = Release|Any CPU
		{2CAC9F19-0018-418D-BA73-D41AB74632A0}.Debug|Any CPU.ActiveCfg = Debug|Any CPU
		{2CAC9F19-0018-418D-BA73-D41AB74632A0}.Debug|Any CPU.Build.0 = Debug|Any CPU
		{2CAC9F19-0018-418D-BA73-D41AB74632A0}.Release|Any CPU.ActiveCfg = Release|Any CPU
		{2CAC9F19-0018-418D-BA73-D41AB74632A0}.Release|Any CPU.Build.0 = Release|Any CPU
	EndGlobalSection
EndGlobal
